
Microsoft Visual Studio Solution File, Format Version 12.00
# Visual Studio Version 17
VisualStudioVersion = 17.9.34701.34
MinimumVisualStudioVersion = 10.0.40219.1
Project("{FAE04EC0-301F-11D3-BF4B-00C04F79EFBC}") = "projetoSiteMVC", "projetoSiteMVC\projetoSiteMVC.csproj", "{702D8647-C315-49A3-B184-0D0E0F34D43C}"
EndProject
Global
	GlobalSection(SolutionConfigurationPlatforms) = preSolution
		Debug|Any CPU = Debug|Any CPU
		Release|Any CPU = Release|Any CPU
	EndGlobalSection
	GlobalSection(ProjectConfigurationPlatforms) = postSolution
		{702D8647-C315-49A3-B184-0D0E0F34D43C}.Debug|Any CPU.ActiveCfg = Debug|Any CPU
		{702D8647-C315-49A3-B184-0D0E0F34D43C}.Debug|Any CPU.Build.0 = Debug|Any CPU
		{702D8647-C315-49A3-B184-0D0E0F34D43C}.Release|Any CPU.ActiveCfg = Release|Any CPU
		{702D8647-C315-49A3-B184-0D0E0F34D43C}.Release|Any CPU.Build.0 = Release|Any CPU
	EndGlobalSection
	GlobalSection(SolutionProperties) = preSolution
		HideSolutionNode = FALSE
	EndGlobalSection
	GlobalSection(ExtensibilityGlobals) = postSolution
		SolutionGuid = {98F2B0A5-22AA-4EB9-952F-38CA8644934E}
	EndGlobalSection
EndGlobal
